
Microsoft Visual Studio Solution File, Format Version 12.00
# Visual Studio 2012
Project("{FAE04EC0-301F-11D3-BF4B-00C04F79EFBC}") = "DragonPulse", "DragonPulse\DragonPulse.csproj", "{80F9F38E-8F4A-4CB1-AA34-EDF7ED9EB79C}"
EndProject
Project("{FAE04EC0-301F-11D3-BF4B-00C04F79EFBC}") = "DragonPulse.Droid", "Droid\DragonPulse.Droid.csproj", "{B6CE4C52-5F17-4389-9C03-CE3F8A688F68}"
EndProject
Project("{FAE04EC0-301F-11D3-BF4B-00C04F79EFBC}") = "DragonPulse.iOS", "iOS\DragonPulse.iOS.csproj", "{3B75E44F-7C97-4D12-A574-DA36540DA821}"
EndProject
Global
	GlobalSection(SolutionConfigurationPlatforms) = preSolution
		Debug|Any CPU = Debug|Any CPU
		Release|Any CPU = Release|Any CPU
		Debug|iPhoneSimulator = Debug|iPhoneSimulator
		Release|iPhone = Release|iPhone
		Release|iPhoneSimulator = Release|iPhoneSimulator
		Debug|iPhone = Debug|iPhone
	EndGlobalSection
	GlobalSection(ProjectConfigurationPlatforms) = postSolution
		{80F9F38E-8F4A-4CB1-AA34-EDF7ED9EB79C}.Debug|Any CPU.ActiveCfg = Debug|Any CPU
		{80F9F38E-8F4A-4CB1-AA34-EDF7ED9EB79C}.Debug|Any CPU.Build.0 = Debug|Any CPU
		{80F9F38E-8F4A-4CB1-AA34-EDF7ED9EB79C}.Release|Any CPU.ActiveCfg = Release|Any CPU
		{80F9F38E-8F4A-4CB1-AA34-EDF7ED9EB79C}.Release|Any CPU.Build.0 = Release|Any CPU
		{80F9F38E-8F4A-4CB1-AA34-EDF7ED9EB79C}.Debug|iPhoneSimulator.ActiveCfg = Debug|Any CPU
		{80F9F38E-8F4A-4CB1-AA34-EDF7ED9EB79C}.Debug|iPhoneSimulator.Build.0 = Debug|Any CPU
		{80F9F38E-8F4A-4CB1-AA34-EDF7ED9EB79C}.Release|iPhone.ActiveCfg = Release|Any CPU
		{80F9F38E-8F4A-4CB1-AA34-EDF7ED9EB79C}.Release|iPhone.Build.0 = Release|Any CPU
		{80F9F38E-8F4A-4CB1-AA34-EDF7ED9EB79C}.Release|iPhoneSimulator.ActiveCfg = Release|Any CPU
		{80F9F38E-8F4A-4CB1-AA34-EDF7ED9EB79C}.Release|iPhoneSimulator.Build.0 = Release|Any CPU
		{80F9F38E-8F4A-4CB1-AA34-EDF7ED9EB79C}.Debug|iPhone.ActiveCfg = Debug|Any CPU
		{80F9F38E-8F4A-4CB1-AA34-EDF7ED9EB79C}.Debug|iPhone.Build.0 = Debug|Any CPU
		{B6CE4C52-5F17-4389-9C03-CE3F8A688F68}.Debug|Any CPU.ActiveCfg = Debug|Any CPU
		{B6CE4C52-5F17-4389-9C03-CE3F8A688F68}.Debug|Any CPU.Build.0 = Debug|Any CPU
		{B6CE4C52-5F17-4389-9C03-CE3F8A688F68}.Release|Any CPU.ActiveCfg = Release|Any CPU
		{B6CE4C52-5F17-4389-9C03-CE3F8A688F68}.Release|Any CPU.Build.0 = Release|Any CPU
		{B6CE4C52-5F17-4389-9C03-CE3F8A688F68}.Debug|iPhoneSimulator.ActiveCfg = Debug|Any CPU
		{B6CE4C52-5F17-4389-9C03-CE3F8A688F68}.Debug|iPhoneSimulator.Build.0 = Debug|Any CPU
		{B6CE4C52-5F17-4389-9C03-CE3F8A688F68}.Release|iPhone.ActiveCfg = Release|Any CPU
		{B6CE4C52-5F17-4389-9C03-CE3F8A688F68}.Release|iPhone.Build.0 = Release|Any CPU
		{B6CE4C52-5F17-4389-9C03-CE3F8A688F68}.Release|iPhoneSimulator.ActiveCfg = Release|Any CPU
		{B6CE4C52-5F17-4389-9C03-CE3F8A688F68}.Release|iPhoneSimulator.Build.0 = Release|Any CPU
		{B6CE4C52-5F17-4389-9C03-CE3F8A688F68}.Debug|iPhone.ActiveCfg = Debug|Any CPU
		{B6CE4C52-5F17-4389-9C03-CE3F8A688F68}.Debug|iPhone.Build.0 = Debug|Any CPU
		{3B75E44F-7C97-4D12-A574-DA36540DA821}.Debug|Any CPU.ActiveCfg = Debug|iPhoneSimulator
		{3B75E44F-7C97-4D12-A574-DA36540DA821}.Debug|Any CPU.Build.0 = Debug|iPhoneSimulator
		{3B75E44F-7C97-4D12-A574-DA36540DA821}.Release|Any CPU.ActiveCfg = Release|iPhone
		{3B75E44F-7C97-4D12-A574-DA36540DA821}.Release|Any CPU.Build.0 = Release|iPhone
		{3B75E44F-7C97-4D12-A574-DA36540DA821}.Debug|iPhoneSimulator.ActiveCfg = Debug|iPhoneSimulator
		{3B75E44F-7C97-4D12-A574-DA36540DA821}.Debug|iPhoneSimulator.Build.0 = Debug|iPhoneSimulator
		{3B75E44F-7C97-4D12-A574-DA36540DA821}.Release|iPhone.ActiveCfg = Release|iPhone
		{3B75E44F-7C97-4D12-A574-DA36540DA821}.Release|iPhone.Build.0 = Release|iPhone
		{3B75E44F-7C97-4D12-A574-DA36540DA821}.Release|iPhoneSimulator.ActiveCfg = Release|iPhoneSimulator
		{3B75E44F-7C97-4D12-A574-DA36540DA821}.Release|iPhoneSimulator.Build.0 = Release|iPhoneSimulator
		{3B75E44F-7C97-4D12-A574-DA36540DA821}.Debug|iPhone.ActiveCfg = Debug|iPhone
		{3B75E44F-7C97-4D12-A574-DA36540DA821}.Debug|iPhone.Build.0 = Debug|iPhone
	EndGlobalSection
	GlobalSection(MonoDevelopProperties) = preSolution
		Policies = $0
		$0.VersionControlPolicy = $1
	EndGlobalSection
EndGlobal
